
Microsoft Visual Studio Solution File, Format Version 12.00
Project("{FAE04EC0-301F-11D3-BF4B-00C04F79EFBC}") = "EventSourcing.Shared", "EventSourcing.Shared\EventSourcing.Shared.csproj", "{F9652E28-5B7A-4838-9747-67B908513A99}"
EndProject
Project("{FAE04EC0-301F-11D3-BF4B-00C04F79EFBC}") = "EventSourcing.API", "EventSourcing.API\EventSourcing.API.csproj", "{9D546FEB-F947-46A9-8F70-A03017A0CF77}"
EndProject
Global
	GlobalSection(SolutionConfigurationPlatforms) = preSolution
		Debug|Any CPU = Debug|Any CPU
		Release|Any CPU = Release|Any CPU
	EndGlobalSection
	GlobalSection(ProjectConfigurationPlatforms) = postSolution
		{F9652E28-5B7A-4838-9747-67B908513A99}.Debug|Any CPU.ActiveCfg = Debug|Any CPU
		{F9652E28-5B7A-4838-9747-67B908513A99}.Debug|Any CPU.Build.0 = Debug|Any CPU
		{F9652E28-5B7A-4838-9747-67B908513A99}.Release|Any CPU.ActiveCfg = Release|Any CPU
		{F9652E28-5B7A-4838-9747-67B908513A99}.Release|Any CPU.Build.0 = Release|Any CPU
		{9D546FEB-F947-46A9-8F70-A03017A0CF77}.Debug|Any CPU.ActiveCfg = Debug|Any CPU
		{9D546FEB-F947-46A9-8F70-A03017A0CF77}.Debug|Any CPU.Build.0 = Debug|Any CPU
		{9D546FEB-F947-46A9-8F70-A03017A0CF77}.Release|Any CPU.ActiveCfg = Release|Any CPU
		{9D546FEB-F947-46A9-8F70-A03017A0CF77}.Release|Any CPU.Build.0 = Release|Any CPU
	EndGlobalSection
EndGlobal
